
Microsoft Visual Studio Solution File, Format Version 12.00
# Visual Studio 15
VisualStudioVersion = 15.0.27428.2015
MinimumVisualStudioVersion = 10.0.40219.1
Project("{FAE04EC0-301F-11D3-BF4B-00C04F79EFBC}") = "DATValidatorLib", "DATValidatorLib\DATValidatorLib.csproj", "{2E7DEB9E-173D-4F6E-B13A-509AA1A79F29}"
EndProject
Project("{FAE04EC0-301F-11D3-BF4B-00C04F79EFBC}") = "LoggerLib", "LoggerLib\LoggerLib.csproj", "{0E73ED13-D269-4628-924B-8C227C56351D}"
EndProject
Project("{FAE04EC0-301F-11D3-BF4B-00C04F79EFBC}") = "DATChecker", "DATChecker\DATChecker.csproj", "{48CDE887-2AFC-45E5-AF8C-6DBA79427C44}"
EndProject
Global
	GlobalSection(SolutionConfigurationPlatforms) = preSolution
		Debug|Any CPU = Debug|Any CPU
		Release|Any CPU = Release|Any CPU
	EndGlobalSection
	GlobalSection(ProjectConfigurationPlatforms) = postSolution
		{2E7DEB9E-173D-4F6E-B13A-509AA1A79F29}.Debug|Any CPU.ActiveCfg = Debug|Any CPU
		{2E7DEB9E-173D-4F6E-B13A-509AA1A79F29}.Debug|Any CPU.Build.0 = Debug|Any CPU
		{2E7DEB9E-173D-4F6E-B13A-509AA1A79F29}.Release|Any CPU.ActiveCfg = Release|Any CPU
		{2E7DEB9E-173D-4F6E-B13A-509AA1A79F29}.Release|Any CPU.Build.0 = Release|Any CPU
		{0E73ED13-D269-4628-924B-8C227C56351D}.Debug|Any CPU.ActiveCfg = Debug|Any CPU
		{0E73ED13-D269-4628-924B-8C227C56351D}.Debug|Any CPU.Build.0 = Debug|Any CPU
		{0E73ED13-D269-4628-924B-8C227C56351D}.Release|Any CPU.ActiveCfg = Release|Any CPU
		{0E73ED13-D269-4628-924B-8C227C56351D}.Release|Any CPU.Build.0 = Release|Any CPU
		{48CDE887-2AFC-45E5-AF8C-6DBA79427C44}.Debug|Any CPU.ActiveCfg = Debug|Any CPU
		{48CDE887-2AFC-45E5-AF8C-6DBA79427C44}.Debug|Any CPU.Build.0 = Debug|Any CPU
		{48CDE887-2AFC-45E5-AF8C-6DBA79427C44}.Release|Any CPU.ActiveCfg = Release|Any CPU
		{48CDE887-2AFC-45E5-AF8C-6DBA79427C44}.Release|Any CPU.Build.0 = Release|Any CPU
	EndGlobalSection
	GlobalSection(SolutionProperties) = preSolution
		HideSolutionNode = FALSE
	EndGlobalSection
	GlobalSection(ExtensibilityGlobals) = postSolution
		SolutionGuid = {9BA8BBB8-1D60-45E0-9E3B-6475A1AD4EA3}
	EndGlobalSection
EndGlobal
